// !$*UTF8*$!
{
	archiveVersion = 1;
	classes = {
	};
	objectVersion = 56;
	objects = {

/* Begin PBXBuildFile section */
		831948272C2AFF87007265C0 /* PhotosUI.framework in Frameworks */ = {isa = PBXBuildFile; fileRef = 831948262C2AFF87007265C0 /* PhotosUI.framework */; };
		831948292C2B0902007265C0 /* ImageModel.swift in Sources */ = {isa = PBXBuildFile; fileRef = 831948282C2B0902007265C0 /* ImageModel.swift */; };
		8319482B2C2B11BA007265C0 /* IAModel.swift in Sources */ = {isa = PBXBuildFile; fileRef = 8319482A2C2B11BA007265C0 /* IAModel.swift */; };
		831AA4962C2D2B7F00A0A988 /* CGImagePropertyOrientation+UIImageOrientation.swift in Sources */ = {isa = PBXBuildFile; fileRef = 831AA4952C2D2B7F00A0A988 /* CGImagePropertyOrientation+UIImageOrientation.swift */; };
		831AA49D2C2D525000A0A988 /* yolov8n.mlpackage in Sources */ = {isa = PBXBuildFile; fileRef = 831AA49C2C2D525000A0A988 /* yolov8n.mlpackage */; };
		831AA49F2C2D539D00A0A988 /* yolov9e.mlpackage in Sources */ = {isa = PBXBuildFile; fileRef = 831AA49E2C2D539D00A0A988 /* yolov9e.mlpackage */; };
		831AA4A12C2D5C7800A0A988 /* yolov8m-seg.mlpackage in Sources */ = {isa = PBXBuildFile; fileRef = 831AA4A02C2D5C7800A0A988 /* yolov8m-seg.mlpackage */; };
		832E867C2C2F2B7200A7F501 /* NMS.swift in Sources */ = {isa = PBXBuildFile; fileRef = 832E867B2C2F2B7200A7F501 /* NMS.swift */; };
		832E87E02C2DEA3300EBAFCB /* ImageSelector.swift in Sources */ = {isa = PBXBuildFile; fileRef = 832E87DF2C2DEA3300EBAFCB /* ImageSelector.swift */; };
		832E87E22C2DEA5500EBAFCB /* PickedImageView.swift in Sources */ = {isa = PBXBuildFile; fileRef = 832E87E12C2DEA5500EBAFCB /* PickedImageView.swift */; };
		832E87E42C2DEAB200EBAFCB /* InferenceResultsView.swift in Sources */ = {isa = PBXBuildFile; fileRef = 832E87E32C2DEAB200EBAFCB /* InferenceResultsView.swift */; };
		832E87E62C2DEB8200EBAFCB /* RunInferenceView.swift in Sources */ = {isa = PBXBuildFile; fileRef = 832E87E52C2DEB8200EBAFCB /* RunInferenceView.swift */; };
		832E87E82C2DFBCD00EBAFCB /* draw_preds_on_image.swift in Sources */ = {isa = PBXBuildFile; fileRef = 832E87E72C2DFBCD00EBAFCB /* draw_preds_on_image.swift */; };
		832E87EA2C2E0CCC00EBAFCB /* BBox.swift in Sources */ = {isa = PBXBuildFile; fileRef = 832E87E92C2E0CCC00EBAFCB /* BBox.swift */; };
		832E87EC2C2E161500EBAFCB /* yolov8l-seg.mlpackage in Sources */ = {isa = PBXBuildFile; fileRef = 832E87EB2C2E161500EBAFCB /* yolov8l-seg.mlpackage */; };
		83987EA22C2A136E00231FFA /* iapocApp.swift in Sources */ = {isa = PBXBuildFile; fileRef = 83987EA12C2A136E00231FFA /* iapocApp.swift */; };
		83987EA42C2A136E00231FFA /* ContentView.swift in Sources */ = {isa = PBXBuildFile; fileRef = 83987EA32C2A136E00231FFA /* ContentView.swift */; };
		83987EA62C2A137300231FFA /* Assets.xcassets in Resources */ = {isa = PBXBuildFile; fileRef = 83987EA52C2A137300231FFA /* Assets.xcassets */; };
		83987EA92C2A137300231FFA /* Preview Assets.xcassets in Resources */ = {isa = PBXBuildFile; fileRef = 83987EA82C2A137300231FFA /* Preview Assets.xcassets */; };
/* End PBXBuildFile section */

/* Begin PBXFileReference section */
		831948262C2AFF87007265C0 /* PhotosUI.framework */ = {isa = PBXFileReference; lastKnownFileType = wrapper.framework; name = PhotosUI.framework; path = System/Library/Frameworks/PhotosUI.framework; sourceTree = SDKROOT; };
		831948282C2B0902007265C0 /* ImageModel.swift */ = {isa = PBXFileReference; lastKnownFileType = sourcecode.swift; path = ImageModel.swift; sourceTree = "<group>"; };
		8319482A2C2B11BA007265C0 /* IAModel.swift */ = {isa = PBXFileReference; lastKnownFileType = sourcecode.swift; path = IAModel.swift; sourceTree = "<group>"; };
		831AA4952C2D2B7F00A0A988 /* CGImagePropertyOrientation+UIImageOrientation.swift */ = {isa = PBXFileReference; lastKnownFileType = sourcecode.swift; path = "CGImagePropertyOrientation+UIImageOrientation.swift"; sourceTree = "<group>"; };
		831AA49C2C2D525000A0A988 /* yolov8n.mlpackage */ = {isa = PBXFileReference; lastKnownFileType = folder.mlpackage; name = yolov8n.mlpackage; path = ../../../yolo2coreml/yolov8n.mlpackage; sourceTree = "<group>"; };
		831AA49E2C2D539D00A0A988 /* yolov9e.mlpackage */ = {isa = PBXFileReference; lastKnownFileType = folder.mlpackage; name = yolov9e.mlpackage; path = ../../../yolo2coreml/yolov9e.mlpackage; sourceTree = "<group>"; };
		831AA4A02C2D5C7800A0A988 /* yolov8m-seg.mlpackage */ = {isa = PBXFileReference; lastKnownFileType = folder.mlpackage; name = "yolov8m-seg.mlpackage"; path = "../../../yolo2coreml/yolov8m-seg.mlpackage"; sourceTree = "<group>"; };
		832E867B2C2F2B7200A7F501 /* NMS.swift */ = {isa = PBXFileReference; fileEncoding = 4; lastKnownFileType = sourcecode.swift; name = NMS.swift; path = iapoc/NMS.swift; sourceTree = "<group>"; };
		832E87DF2C2DEA3300EBAFCB /* ImageSelector.swift */ = {isa = PBXFileReference; lastKnownFileType = sourcecode.swift; path = ImageSelector.swift; sourceTree = "<group>"; };
		832E87E12C2DEA5500EBAFCB /* PickedImageView.swift */ = {isa = PBXFileReference; lastKnownFileType = sourcecode.swift; path = PickedImageView.swift; sourceTree = "<group>"; };
		832E87E32C2DEAB200EBAFCB /* InferenceResultsView.swift */ = {isa = PBXFileReference; lastKnownFileType = sourcecode.swift; path = InferenceResultsView.swift; sourceTree = "<group>"; };
		832E87E52C2DEB8200EBAFCB /* RunInferenceView.swift */ = {isa = PBXFileReference; lastKnownFileType = sourcecode.swift; path = RunInferenceView.swift; sourceTree = "<group>"; };
		832E87E72C2DFBCD00EBAFCB /* draw_preds_on_image.swift */ = {isa = PBXFileReference; lastKnownFileType = sourcecode.swift; path = draw_preds_on_image.swift; sourceTree = "<group>"; };
		832E87E92C2E0CCC00EBAFCB /* BBox.swift */ = {isa = PBXFileReference; lastKnownFileType = sourcecode.swift; path = BBox.swift; sourceTree = "<group>"; };
		832E87EB2C2E161500EBAFCB /* yolov8l-seg.mlpackage */ = {isa = PBXFileReference; lastKnownFileType = folder.mlpackage; path = "yolov8l-seg.mlpackage"; sourceTree = "<group>"; };
		83987E9E2C2A136E00231FFA /* iapoc.app */ = {isa = PBXFileReference; explicitFileType = wrapper.application; includeInIndex = 0; path = iapoc.app; sourceTree = BUILT_PRODUCTS_DIR; };
		83987EA12C2A136E00231FFA /* iapocApp.swift */ = {isa = PBXFileReference; lastKnownFileType = sourcecode.swift; path = iapocApp.swift; sourceTree = "<group>"; };
		83987EA32C2A136E00231FFA /* ContentView.swift */ = {isa = PBXFileReference; lastKnownFileType = sourcecode.swift; path = ContentView.swift; sourceTree = "<group>"; };
		83987EA52C2A137300231FFA /* Assets.xcassets */ = {isa = PBXFileReference; lastKnownFileType = folder.assetcatalog; path = Assets.xcassets; sourceTree = "<group>"; };
		83987EA82C2A137300231FFA /* Preview Assets.xcassets */ = {isa = PBXFileReference; lastKnownFileType = folder.assetcatalog; path = "Preview Assets.xcassets"; sourceTree = "<group>"; };
/* End PBXFileReference section */

/* Begin PBXFrameworksBuildPhase section */
		83987E9B2C2A136E00231FFA /* Frameworks */ = {
			isa = PBXFrameworksBuildPhase;
			buildActionMask = 2147483647;
			files = (
				831948272C2AFF87007265C0 /* PhotosUI.framework in Frameworks */,
			);
			runOnlyForDeploymentPostprocessing = 0;
		};
/* End PBXFrameworksBuildPhase section */

/* Begin PBXGroup section */
		831948252C2AFF87007265C0 /* Frameworks */ = {
			isa = PBXGroup;
			children = (
				831948262C2AFF87007265C0 /* PhotosUI.framework */,
			);
			name = Frameworks;
			sourceTree = "<group>";
		};
		831AA4942C2D2B5100A0A988 /* Extensions */ = {
			isa = PBXGroup;
			children = (
				831AA4952C2D2B7F00A0A988 /* CGImagePropertyOrientation+UIImageOrientation.swift */,
			);
			path = Extensions;
			sourceTree = "<group>";
		};
		83987E952C2A136E00231FFA = {
			isa = PBXGroup;
			children = (
				832E867B2C2F2B7200A7F501 /* NMS.swift */,
				832E87EB2C2E161500EBAFCB /* yolov8l-seg.mlpackage */,
				83987EA02C2A136E00231FFA /* iapoc */,
				83987E9F2C2A136E00231FFA /* Products */,
				831948252C2AFF87007265C0 /* Frameworks */,
			);
			sourceTree = "<group>";
		};
		83987E9F2C2A136E00231FFA /* Products */ = {
			isa = PBXGroup;
			children = (
				83987E9E2C2A136E00231FFA /* iapoc.app */,
			);
			name = Products;
			sourceTree = "<group>";
		};
		83987EA02C2A136E00231FFA /* iapoc */ = {
			isa = PBXGroup;
			children = (
				831AA4A02C2D5C7800A0A988 /* yolov8m-seg.mlpackage */,
				831AA49E2C2D539D00A0A988 /* yolov9e.mlpackage */,
				831AA49C2C2D525000A0A988 /* yolov8n.mlpackage */,
				831AA4942C2D2B5100A0A988 /* Extensions */,
				83987EA12C2A136E00231FFA /* iapocApp.swift */,
				83987EA32C2A136E00231FFA /* ContentView.swift */,
				83987EA52C2A137300231FFA /* Assets.xcassets */,
				83987EA72C2A137300231FFA /* Preview Content */,
				831948282C2B0902007265C0 /* ImageModel.swift */,
				8319482A2C2B11BA007265C0 /* IAModel.swift */,
				832E87DF2C2DEA3300EBAFCB /* ImageSelector.swift */,
				832E87E12C2DEA5500EBAFCB /* PickedImageView.swift */,
				832E87E32C2DEAB200EBAFCB /* InferenceResultsView.swift */,
				832E87E52C2DEB8200EBAFCB /* RunInferenceView.swift */,
				832E87E72C2DFBCD00EBAFCB /* draw_preds_on_image.swift */,
				832E87E92C2E0CCC00EBAFCB /* BBox.swift */,
			);
			path = iapoc;
			sourceTree = "<group>";
		};
		83987EA72C2A137300231FFA /* Preview Content */ = {
			isa = PBXGroup;
			children = (
				83987EA82C2A137300231FFA /* Preview Assets.xcassets */,
			);
			path = "Preview Content";
			sourceTree = "<group>";
		};
/* End PBXGroup section */

/* Begin PBXNativeTarget section */
		83987E9D2C2A136E00231FFA /* iapoc */ = {
			isa = PBXNativeTarget;
			buildConfigurationList = 83987EAC2C2A137300231FFA /* Build configuration list for PBXNativeTarget "iapoc" */;
			buildPhases = (
				83987E9A2C2A136E00231FFA /* Sources */,
				83987E9B2C2A136E00231FFA /* Frameworks */,
				83987E9C2C2A136E00231FFA /* Resources */,
			);
			buildRules = (
			);
			dependencies = (
			);
			name = iapoc;
			productName = iapoc;
			productReference = 83987E9E2C2A136E00231FFA /* iapoc.app */;
			productType = "com.apple.product-type.application";
		};
/* End PBXNativeTarget section */

/* Begin PBXProject section */
		83987E962C2A136E00231FFA /* Project object */ = {
			isa = PBXProject;
			attributes = {
				BuildIndependentTargetsInParallel = 1;
				LastSwiftUpdateCheck = 1540;
				LastUpgradeCheck = 1540;
				TargetAttributes = {
					83987E9D2C2A136E00231FFA = {
						CreatedOnToolsVersion = 15.4;
					};
				};
			};
			buildConfigurationList = 83987E992C2A136E00231FFA /* Build configuration list for PBXProject "iapoc" */;
			compatibilityVersion = "Xcode 14.0";
			developmentRegion = en;
			hasScannedForEncodings = 0;
			knownRegions = (
				en,
				Base,
			);
			mainGroup = 83987E952C2A136E00231FFA;
			productRefGroup = 83987E9F2C2A136E00231FFA /* Products */;
			projectDirPath = "";
			projectRoot = "";
			targets = (
				83987E9D2C2A136E00231FFA /* iapoc */,
			);
		};
/* End PBXProject section */

/* Begin PBXResourcesBuildPhase section */
		83987E9C2C2A136E00231FFA /* Resources */ = {
			isa = PBXResourcesBuildPhase;
			buildActionMask = 2147483647;
			files = (
				83987EA92C2A137300231FFA /* Preview Assets.xcassets in Resources */,
				83987EA62C2A137300231FFA /* Assets.xcassets in Resources */,
			);
			runOnlyForDeploymentPostprocessing = 0;
		};
/* End PBXResourcesBuildPhase section */

/* Begin PBXSourcesBuildPhase section */
		83987E9A2C2A136E00231FFA /* Sources */ = {
			isa = PBXSourcesBuildPhase;
			buildActionMask = 2147483647;
			files = (
				83987EA42C2A136E00231FFA /* ContentView.swift in Sources */,
				831AA49D2C2D525000A0A988 /* yolov8n.mlpackage in Sources */,
				832E867C2C2F2B7200A7F501 /* NMS.swift in Sources */,
				831AA4A12C2D5C7800A0A988 /* yolov8m-seg.mlpackage in Sources */,
				832E87E62C2DEB8200EBAFCB /* RunInferenceView.swift in Sources */,
				832E87E82C2DFBCD00EBAFCB /* draw_preds_on_image.swift in Sources */,
				8319482B2C2B11BA007265C0 /* IAModel.swift in Sources */,
				832E87EC2C2E161500EBAFCB /* yolov8l-seg.mlpackage in Sources */,
				832E87E02C2DEA3300EBAFCB /* ImageSelector.swift in Sources */,
				83987EA22C2A136E00231FFA /* iapocApp.swift in Sources */,
				832E87EA2C2E0CCC00EBAFCB /* BBox.swift in Sources */,
				831AA4962C2D2B7F00A0A988 /* CGImagePropertyOrientation+UIImageOrientation.swift in Sources */,
				831948292C2B0902007265C0 /* ImageModel.swift in Sources */,
				831AA49F2C2D539D00A0A988 /* yolov9e.mlpackage in Sources */,
				832E87E22C2DEA5500EBAFCB /* PickedImageView.swift in Sources */,
				832E87E42C2DEAB200EBAFCB /* InferenceResultsView.swift in Sources */,
			);
			runOnlyForDeploymentPostprocessing = 0;
		};
/* End PBXSourcesBuildPhase section */

/* Begin XCBuildConfiguration section */
		83987EAA2C2A137300231FFA /* Debug */ = {
			isa = XCBuildConfiguration;
			buildSettings = {
				ALWAYS_SEARCH_USER_PATHS = NO;
				ASSETCATALOG_COMPILER_GENERATE_SWIFT_ASSET_SYMBOL_EXTENSIONS = YES;
				CLANG_ANALYZER_NONNULL = YES;
				CLANG_ANALYZER_NUMBER_OBJECT_CONVERSION = YES_AGGRESSIVE;
				CLANG_CXX_LANGUAGE_STANDARD = "gnu++20";
				CLANG_ENABLE_MODULES = YES;
				CLANG_ENABLE_OBJC_ARC = YES;
				CLANG_ENABLE_OBJC_WEAK = YES;
				CLANG_WARN_BLOCK_CAPTURE_AUTORELEASING = YES;
				CLANG_WARN_BOOL_CONVERSION = YES;
				CLANG_WARN_COMMA = YES;
				CLANG_WARN_CONSTANT_CONVERSION = YES;
				CLANG_WARN_DEPRECATED_OBJC_IMPLEMENTATIONS = YES;
				CLANG_WARN_DIRECT_OBJC_ISA_USAGE = YES_ERROR;
				CLANG_WARN_DOCUMENTATION_COMMENTS = YES;
				CLANG_WARN_EMPTY_BODY = YES;
				CLANG_WARN_ENUM_CONVERSION = YES;
				CLANG_WARN_INFINITE_RECURSION = YES;
				CLANG_WARN_INT_CONVERSION = YES;
				CLANG_WARN_NON_LITERAL_NULL_CONVERSION = YES;
				CLANG_WARN_OBJC_IMPLICIT_RETAIN_SELF = YES;
				CLANG_WARN_OBJC_LITERAL_CONVERSION = YES;
				CLANG_WARN_OBJC_ROOT_CLASS = YES_ERROR;
				CLANG_WARN_QUOTED_INCLUDE_IN_FRAMEWORK_HEADER = YES;
				CLANG_WARN_RANGE_LOOP_ANALYSIS = YES;
				CLANG_WARN_STRICT_PROTOTYPES = YES;
				CLANG_WARN_SUSPICIOUS_MOVE = YES;
				CLANG_WARN_UNGUARDED_AVAILABILITY = YES_AGGRESSIVE;
				CLANG_WARN_UNREACHABLE_CODE = YES;
				CLANG_WARN__DUPLICATE_METHOD_MATCH = YES;
				COPY_PHASE_STRIP = NO;
				DEBUG_INFORMATION_FORMAT = dwarf;
				ENABLE_STRICT_OBJC_MSGSEND = YES;
				ENABLE_TESTABILITY = YES;
				ENABLE_USER_SCRIPT_SANDBOXING = YES;
				GCC_C_LANGUAGE_STANDARD = gnu17;
				GCC_DYNAMIC_NO_PIC = NO;
				GCC_NO_COMMON_BLOCKS = YES;
				GCC_OPTIMIZATION_LEVEL = 0;
				GCC_PREPROCESSOR_DEFINITIONS = (
					"DEBUG=1",
					"$(inherited)",
				);
				GCC_WARN_64_TO_32_BIT_CONVERSION = YES;
				GCC_WARN_ABOUT_RETURN_TYPE = YES_ERROR;
				GCC_WARN_UNDECLARED_SELECTOR = YES;
				GCC_WARN_UNINITIALIZED_AUTOS = YES_AGGRESSIVE;
				GCC_WARN_UNUSED_FUNCTION = YES;
				GCC_WARN_UNUSED_VARIABLE = YES;
				IPHONEOS_DEPLOYMENT_TARGET = 17.5;
				LOCALIZATION_PREFERS_STRING_CATALOGS = YES;
				MTL_ENABLE_DEBUG_INFO = INCLUDE_SOURCE;
				MTL_FAST_MATH = YES;
				ONLY_ACTIVE_ARCH = YES;
				SDKROOT = iphoneos;
				SWIFT_ACTIVE_COMPILATION_CONDITIONS = "DEBUG $(inherited)";
				SWIFT_OPTIMIZATION_LEVEL = "-Onone";
			};
			name = Debug;
		};
		83987EAB2C2A137300231FFA /* Release */ = {
			isa = XCBuildConfiguration;
			buildSettings = {
				ALWAYS_SEARCH_USER_PATHS = NO;
				ASSETCATALOG_COMPILER_GENERATE_SWIFT_ASSET_SYMBOL_EXTENSIONS = YES;
				CLANG_ANALYZER_NONNULL = YES;
				CLANG_ANALYZER_NUMBER_OBJECT_CONVERSION = YES_AGGRESSIVE;
				CLANG_CXX_LANGUAGE_STANDARD = "gnu++20";
				CLANG_ENABLE_MODULES = YES;
				CLANG_ENABLE_OBJC_ARC = YES;
				CLANG_ENABLE_OBJC_WEAK = YES;
				CLANG_WARN_BLOCK_CAPTURE_AUTORELEASING = YES;
				CLANG_WARN_BOOL_CONVERSION = YES;
				CLANG_WARN_COMMA = YES;
				CLANG_WARN_CONSTANT_CONVERSION = YES;
				CLANG_WARN_DEPRECATED_OBJC_IMPLEMENTATIONS = YES;
				CLANG_WARN_DIRECT_OBJC_ISA_USAGE = YES_ERROR;
				CLANG_WARN_DOCUMENTATION_COMMENTS = YES;
				CLANG_WARN_EMPTY_BODY = YES;
				CLANG_WARN_ENUM_CONVERSION = YES;
				CLANG_WARN_INFINITE_RECURSION = YES;
				CLANG_WARN_INT_CONVERSION = YES;
				CLANG_WARN_NON_LITERAL_NULL_CONVERSION = YES;
				CLANG_WARN_OBJC_IMPLICIT_RETAIN_SELF = YES;
				CLANG_WARN_OBJC_LITERAL_CONVERSION = YES;
				CLANG_WARN_OBJC_ROOT_CLASS = YES_ERROR;
				CLANG_WARN_QUOTED_INCLUDE_IN_FRAMEWORK_HEADER = YES;
				CLANG_WARN_RANGE_LOOP_ANALYSIS = YES;
				CLANG_WARN_STRICT_PROTOTYPES = YES;
				CLANG_WARN_SUSPICIOUS_MOVE = YES;
				CLANG_WARN_UNGUARDED_AVAILABILITY = YES_AGGRESSIVE;
				CLANG_WARN_UNREACHABLE_CODE = YES;
				CLANG_WARN__DUPLICATE_METHOD_MATCH = YES;
				COPY_PHASE_STRIP = NO;
				DEBUG_INFORMATION_FORMAT = "dwarf-with-dsym";
				ENABLE_NS_ASSERTIONS = NO;
				ENABLE_STRICT_OBJC_MSGSEND = YES;
				ENABLE_USER_SCRIPT_SANDBOXING = YES;
				GCC_C_LANGUAGE_STANDARD = gnu17;
				GCC_NO_COMMON_BLOCKS = YES;
				GCC_WARN_64_TO_32_BIT_CONVERSION = YES;
				GCC_WARN_ABOUT_RETURN_TYPE = YES_ERROR;
				GCC_WARN_UNDECLARED_SELECTOR = YES;
				GCC_WARN_UNINITIALIZED_AUTOS = YES_AGGRESSIVE;
				GCC_WARN_UNUSED_FUNCTION = YES;
				GCC_WARN_UNUSED_VARIABLE = YES;
				IPHONEOS_DEPLOYMENT_TARGET = 17.5;
				LOCALIZATION_PREFERS_STRING_CATALOGS = YES;
				MTL_ENABLE_DEBUG_INFO = NO;
				MTL_FAST_MATH = YES;
				SDKROOT = iphoneos;
				SWIFT_COMPILATION_MODE = wholemodule;
				VALIDATE_PRODUCT = YES;
			};
			name = Release;
		};
		83987EAD2C2A137300231FFA /* Debug */ = {
			isa = XCBuildConfiguration;
			buildSettings = {
				ASSETCATALOG_COMPILER_APPICON_NAME = AppIcon;
				ASSETCATALOG_COMPILER_GLOBAL_ACCENT_COLOR_NAME = AccentColor;
				CODE_SIGN_STYLE = Automatic;
				CURRENT_PROJECT_VERSION = 1;
				DEVELOPMENT_ASSET_PATHS = "\"iapoc/Preview Content\"";
				DEVELOPMENT_TEAM = HFU4T6U2UD;
				ENABLE_PREVIEWS = YES;
				GENERATE_INFOPLIST_FILE = YES;
				INFOPLIST_KEY_CFBundleDisplayName = "IA Proof of Concept";
				INFOPLIST_KEY_LSApplicationCategoryType = "public.app-category.utilities";
				INFOPLIST_KEY_UIApplicationSceneManifest_Generation = YES;
				INFOPLIST_KEY_UIApplicationSupportsIndirectInputEvents = YES;
				INFOPLIST_KEY_UILaunchScreen_Generation = YES;
				INFOPLIST_KEY_UISupportedInterfaceOrientations_iPad = "UIInterfaceOrientationPortrait UIInterfaceOrientationPortraitUpsideDown UIInterfaceOrientationLandscapeLeft UIInterfaceOrientationLandscapeRight";
				INFOPLIST_KEY_UISupportedInterfaceOrientations_iPhone = "UIInterfaceOrientationPortrait UIInterfaceOrientationLandscapeLeft UIInterfaceOrientationLandscapeRight";
				LD_RUNPATH_SEARCH_PATHS = (
					"$(inherited)",
					"@executable_path/Frameworks",
				);
				MARKETING_VERSION = 1.0;
				PRODUCT_BUNDLE_IDENTIFIER = cbosoft.iapoc;
				PRODUCT_NAME = "$(TARGET_NAME)";
				SWIFT_EMIT_LOC_STRINGS = YES;
				SWIFT_VERSION = 5.0;
				TARGETED_DEVICE_FAMILY = "1,2";
			};
			name = Debug;
		};
		83987EAE2C2A137300231FFA /* Release */ = {
			isa = XCBuildConfiguration;
			buildSettings = {
				ASSETCATALOG_COMPILER_APPICON_NAME = AppIcon;
				ASSETCATALOG_COMPILER_GLOBAL_ACCENT_COLOR_NAME = AccentColor;
				CODE_SIGN_STYLE = Automatic;
				CURRENT_PROJECT_VERSION = 1;
				DEVELOPMENT_ASSET_PATHS = "\"iapoc/Preview Content\"";
				DEVELOPMENT_TEAM = HFU4T6U2UD;
				ENABLE_PREVIEWS = YES;
				GENERATE_INFOPLIST_FILE = YES;
				INFOPLIST_KEY_CFBundleDisplayName = "IA Proof of Concept";
				INFOPLIST_KEY_LSApplicationCategoryType = "public.app-category.utilities";
				INFOPLIST_KEY_UIApplicationSceneManifest_Generation = YES;
				INFOPLIST_KEY_UIApplicationSupportsIndirectInputEvents = YES;
				INFOPLIST_KEY_UILaunchScreen_Generation = YES;
				INFOPLIST_KEY_UISupportedInterfaceOrientations_iPad = "UIInterfaceOrientationPortrait UIInterfaceOrientationPortraitUpsideDown UIInterfaceOrientationLandscapeLeft UIInterfaceOrientationLandscapeRight";
				INFOPLIST_KEY_UISupportedInterfaceOrientations_iPhone = "UIInterfaceOrientationPortrait UIInterfaceOrientationLandscapeLeft UIInterfaceOrientationLandscapeRight";
				LD_RUNPATH_SEARCH_PATHS = (
					"$(inherited)",
					"@executable_path/Frameworks",
				);
				MARKETING_VERSION = 1.0;
				PRODUCT_BUNDLE_IDENTIFIER = cbosoft.iapoc;
				PRODUCT_NAME = "$(TARGET_NAME)";
				SWIFT_EMIT_LOC_STRINGS = YES;
				SWIFT_VERSION = 5.0;
				TARGETED_DEVICE_FAMILY = "1,2";
			};
			name = Release;
		};
/* End XCBuildConfiguration section */

/* Begin XCConfigurationList section */
		83987E992C2A136E00231FFA /* Build configuration list for PBXProject "iapoc" */ = {
			isa = XCConfigurationList;
			buildConfigurations = (
				83987EAA2C2A137300231FFA /* Debug */,
				83987EAB2C2A137300231FFA /* Release */,
			);
			defaultConfigurationIsVisible = 0;
			defaultConfigurationName = Release;
		};
		83987EAC2C2A137300231FFA /* Build configuration list for PBXNativeTarget "iapoc" */ = {
			isa = XCConfigurationList;
			buildConfigurations = (
				83987EAD2C2A137300231FFA /* Debug */,
				83987EAE2C2A137300231FFA /* Release */,
			);
			defaultConfigurationIsVisible = 0;
			defaultConfigurationName = Release;
		};
/* End XCConfigurationList section */
	};
	rootObject = 83987E962C2A136E00231FFA /* Project object */;
}
